
Microsoft Visual Studio Solution File, Format Version 12.00
# Visual Studio 15
VisualStudioVersion = 15.0.27004.2006
MinimumVisualStudioVersion = 10.0.40219.1
Project("{FAE04EC0-301F-11D3-BF4B-00C04F79EFBC}") = "BookMeal", "BookMeal\BookMeal.csproj", "{AC8BCF14-C729-439E-A184-A998A04DEB55}"
EndProject
Project("{FAE04EC0-301F-11D3-BF4B-00C04F79EFBC}") = "SocketCommunicate", "SocketCommunicate\SocketCommunicate.csproj", "{14FFF27E-2610-4962-BECD-7A68CF51BE8A}"
EndProject
Project("{FAE04EC0-301F-11D3-BF4B-00C04F79EFBC}") = "TestPrintServer", "TestPrintServer\TestPrintServer.csproj", "{4E38B89D-BE0D-47D9-A40E-F016F3824E69}"
EndProject
Global
	GlobalSection(SolutionConfigurationPlatforms) = preSolution
		Debug|Any CPU = Debug|Any CPU
		Release|Any CPU = Release|Any CPU
	EndGlobalSection
	GlobalSection(ProjectConfigurationPlatforms) = postSolution
		{AC8BCF14-C729-439E-A184-A998A04DEB55}.Debug|Any CPU.ActiveCfg = Debug|Any CPU
		{AC8BCF14-C729-439E-A184-A998A04DEB55}.Debug|Any CPU.Build.0 = Debug|Any CPU
		{AC8BCF14-C729-439E-A184-A998A04DEB55}.Release|Any CPU.ActiveCfg = Release|Any CPU
		{AC8BCF14-C729-439E-A184-A998A04DEB55}.Release|Any CPU.Build.0 = Release|Any CPU
		{14FFF27E-2610-4962-BECD-7A68CF51BE8A}.Debug|Any CPU.ActiveCfg = Debug|Any CPU
		{14FFF27E-2610-4962-BECD-7A68CF51BE8A}.Debug|Any CPU.Build.0 = Debug|Any CPU
		{14FFF27E-2610-4962-BECD-7A68CF51BE8A}.Release|Any CPU.ActiveCfg = Release|Any CPU
		{14FFF27E-2610-4962-BECD-7A68CF51BE8A}.Release|Any CPU.Build.0 = Release|Any CPU
		{4E38B89D-BE0D-47D9-A40E-F016F3824E69}.Debug|Any CPU.ActiveCfg = Debug|Any CPU
		{4E38B89D-BE0D-47D9-A40E-F016F3824E69}.Debug|Any CPU.Build.0 = Debug|Any CPU
		{4E38B89D-BE0D-47D9-A40E-F016F3824E69}.Release|Any CPU.ActiveCfg = Release|Any CPU
		{4E38B89D-BE0D-47D9-A40E-F016F3824E69}.Release|Any CPU.Build.0 = Release|Any CPU
	EndGlobalSection
	GlobalSection(SolutionProperties) = preSolution
		HideSolutionNode = FALSE
	EndGlobalSection
	GlobalSection(ExtensibilityGlobals) = postSolution
		SolutionGuid = {4F95EA30-2E14-4628-A218-6892E92BE5AF}
	EndGlobalSection
EndGlobal
